// !$*UTF8*$!
{
	archiveVersion = 1;
	classes = {
	};
	objectVersion = 56;
	objects = {

/* Begin PBXBuildFile section */
		153B70F829A507B000BEE584 /* AppDelegate.swift in Sources */ = {isa = PBXBuildFile; fileRef = 153B70F729A507B000BEE584 /* AppDelegate.swift */; };
		153B70FA29A507B000BEE584 /* SceneDelegate.swift in Sources */ = {isa = PBXBuildFile; fileRef = 153B70F929A507B000BEE584 /* SceneDelegate.swift */; };
		153B70FC29A507B000BEE584 /* LoginViewController.swift in Sources */ = {isa = PBXBuildFile; fileRef = 153B70FB29A507B000BEE584 /* LoginViewController.swift */; };
		153B70FF29A507B000BEE584 /* Main.storyboard in Resources */ = {isa = PBXBuildFile; fileRef = 153B70FD29A507B000BEE584 /* Main.storyboard */; };
		153B710129A507B200BEE584 /* Assets.xcassets in Resources */ = {isa = PBXBuildFile; fileRef = 153B710029A507B200BEE584 /* Assets.xcassets */; };
		153B710429A507B200BEE584 /* LaunchScreen.storyboard in Resources */ = {isa = PBXBuildFile; fileRef = 153B710229A507B200BEE584 /* LaunchScreen.storyboard */; };
		1581CC5129A514F0004ECA93 /* GoogleService-Info.plist in Resources */ = {isa = PBXBuildFile; fileRef = 1581CC5029A514F0004ECA93 /* GoogleService-Info.plist */; };
		1581CC5329A522E5004ECA93 /* SignupViewController.swift in Sources */ = {isa = PBXBuildFile; fileRef = 1581CC5229A522E5004ECA93 /* SignupViewController.swift */; };
		1581CC5529A52F29004ECA93 /* MainViewController.swift in Sources */ = {isa = PBXBuildFile; fileRef = 1581CC5429A52F29004ECA93 /* MainViewController.swift */; };
		D5B0E652E960BDD8E8584004 /* Pods_firebase_demo.framework in Frameworks */ = {isa = PBXBuildFile; fileRef = 70C75D76F39B381DD84F8790 /* Pods_firebase_demo.framework */; };
/* End PBXBuildFile section */

/* Begin PBXFileReference section */
		153B70F429A507B000BEE584 /* firebase-demo.app */ = {isa = PBXFileReference; explicitFileType = wrapper.application; includeInIndex = 0; path = "firebase-demo.app"; sourceTree = BUILT_PRODUCTS_DIR; };
		153B70F729A507B000BEE584 /* AppDelegate.swift */ = {isa = PBXFileReference; lastKnownFileType = sourcecode.swift; path = AppDelegate.swift; sourceTree = "<group>"; };
		153B70F929A507B000BEE584 /* SceneDelegate.swift */ = {isa = PBXFileReference; lastKnownFileType = sourcecode.swift; path = SceneDelegate.swift; sourceTree = "<group>"; };
		153B70FB29A507B000BEE584 /* LoginViewController.swift */ = {isa = PBXFileReference; lastKnownFileType = sourcecode.swift; path = LoginViewController.swift; sourceTree = "<group>"; };
		153B70FE29A507B000BEE584 /* Base */ = {isa = PBXFileReference; lastKnownFileType = file.storyboard; name = Base; path = Base.lproj/Main.storyboard; sourceTree = "<group>"; };
		153B710029A507B200BEE584 /* Assets.xcassets */ = {isa = PBXFileReference; lastKnownFileType = folder.assetcatalog; path = Assets.xcassets; sourceTree = "<group>"; };
		153B710329A507B200BEE584 /* Base */ = {isa = PBXFileReference; lastKnownFileType = file.storyboard; name = Base; path = Base.lproj/LaunchScreen.storyboard; sourceTree = "<group>"; };
		153B710529A507B200BEE584 /* Info.plist */ = {isa = PBXFileReference; lastKnownFileType = text.plist.xml; path = Info.plist; sourceTree = "<group>"; };
		1581CC5029A514F0004ECA93 /* GoogleService-Info.plist */ = {isa = PBXFileReference; fileEncoding = 4; lastKnownFileType = text.plist.xml; path = "GoogleService-Info.plist"; sourceTree = "<group>"; };
		1581CC5229A522E5004ECA93 /* SignupViewController.swift */ = {isa = PBXFileReference; lastKnownFileType = sourcecode.swift; path = SignupViewController.swift; sourceTree = "<group>"; };
		1581CC5429A52F29004ECA93 /* MainViewController.swift */ = {isa = PBXFileReference; lastKnownFileType = sourcecode.swift; path = MainViewController.swift; sourceTree = "<group>"; };
		70C75D76F39B381DD84F8790 /* Pods_firebase_demo.framework */ = {isa = PBXFileReference; explicitFileType = wrapper.framework; includeInIndex = 0; path = Pods_firebase_demo.framework; sourceTree = BUILT_PRODUCTS_DIR; };
		891FC81E5A01213233342EC8 /* Pods-firebase-demo.release.xcconfig */ = {isa = PBXFileReference; includeInIndex = 1; lastKnownFileType = text.xcconfig; name = "Pods-firebase-demo.release.xcconfig"; path = "Target Support Files/Pods-firebase-demo/Pods-firebase-demo.release.xcconfig"; sourceTree = "<group>"; };
		A219D4C94654C3DE3A69A572 /* Pods-firebase-demo.debug.xcconfig */ = {isa = PBXFileReference; includeInIndex = 1; lastKnownFileType = text.xcconfig; name = "Pods-firebase-demo.debug.xcconfig"; path = "Target Support Files/Pods-firebase-demo/Pods-firebase-demo.debug.xcconfig"; sourceTree = "<group>"; };
/* End PBXFileReference section */

/* Begin PBXFrameworksBuildPhase section */
		153B70F129A507B000BEE584 /* Frameworks */ = {
			isa = PBXFrameworksBuildPhase;
			buildActionMask = 2147483647;
			files = (
				D5B0E652E960BDD8E8584004 /* Pods_firebase_demo.framework in Frameworks */,
			);
			runOnlyForDeploymentPostprocessing = 0;
		};
/* End PBXFrameworksBuildPhase section */

/* Begin PBXGroup section */
		153B70EB29A507B000BEE584 = {
			isa = PBXGroup;
			children = (
				153B70F629A507B000BEE584 /* firebase-demo */,
				153B70F529A507B000BEE584 /* Products */,
				BA33C188A5A619CA1CE54F64 /* Pods */,
				CA0DDE7FA25256A07F2E4840 /* Frameworks */,
			);
			sourceTree = "<group>";
		};
		153B70F529A507B000BEE584 /* Products */ = {
			isa = PBXGroup;
			children = (
				153B70F429A507B000BEE584 /* firebase-demo.app */,
			);
			name = Products;
			sourceTree = "<group>";
		};
		153B70F629A507B000BEE584 /* firebase-demo */ = {
			isa = PBXGroup;
			children = (
				1581CC5029A514F0004ECA93 /* GoogleService-Info.plist */,
				153B70F729A507B000BEE584 /* AppDelegate.swift */,
				153B70F929A507B000BEE584 /* SceneDelegate.swift */,
				153B70FB29A507B000BEE584 /* LoginViewController.swift */,
				1581CC5429A52F29004ECA93 /* MainViewController.swift */,
				153B70FD29A507B000BEE584 /* Main.storyboard */,
				153B710029A507B200BEE584 /* Assets.xcassets */,
				153B710229A507B200BEE584 /* LaunchScreen.storyboard */,
				153B710529A507B200BEE584 /* Info.plist */,
				1581CC5229A522E5004ECA93 /* SignupViewController.swift */,
			);
			path = "firebase-demo";
			sourceTree = "<group>";
		};
		BA33C188A5A619CA1CE54F64 /* Pods */ = {
			isa = PBXGroup;
			children = (
				A219D4C94654C3DE3A69A572 /* Pods-firebase-demo.debug.xcconfig */,
				891FC81E5A01213233342EC8 /* Pods-firebase-demo.release.xcconfig */,
			);
			path = Pods;
			sourceTree = "<group>";
		};
		CA0DDE7FA25256A07F2E4840 /* Frameworks */ = {
			isa = PBXGroup;
			children = (
				70C75D76F39B381DD84F8790 /* Pods_firebase_demo.framework */,
			);
			name = Frameworks;
			sourceTree = "<group>";
		};
/* End PBXGroup section */

/* Begin PBXNativeTarget section */
		153B70F329A507B000BEE584 /* firebase-demo */ = {
			isa = PBXNativeTarget;
			buildConfigurationList = 153B710829A507B200BEE584 /* Build configuration list for PBXNativeTarget "firebase-demo" */;
			buildPhases = (
				9CF0B38800FC84811F64B298 /* [CP] Check Pods Manifest.lock */,
				153B70F029A507B000BEE584 /* Sources */,
				153B70F129A507B000BEE584 /* Frameworks */,
				153B70F229A507B000BEE584 /* Resources */,
				2FED0A8C805224E394F1AA05 /* [CP] Embed Pods Frameworks */,
			);
			buildRules = (
			);
			dependencies = (
			);
			name = "firebase-demo";
			productName = "firebase-demo";
			productReference = 153B70F429A507B000BEE584 /* firebase-demo.app */;
			productType = "com.apple.product-type.application";
		};
/* End PBXNativeTarget section */

/* Begin PBXProject section */
		153B70EC29A507B000BEE584 /* Project object */ = {
			isa = PBXProject;
			attributes = {
				BuildIndependentTargetsInParallel = 1;
				LastSwiftUpdateCheck = 1420;
				LastUpgradeCheck = 1420;
				TargetAttributes = {
					153B70F329A507B000BEE584 = {
						CreatedOnToolsVersion = 14.2;
					};
				};
			};
			buildConfigurationList = 153B70EF29A507B000BEE584 /* Build configuration list for PBXProject "firebase-demo" */;
			compatibilityVersion = "Xcode 14.0";
			developmentRegion = en;
			hasScannedForEncodings = 0;
			knownRegions = (
				en,
				Base,
			);
			mainGroup = 153B70EB29A507B000BEE584;
			productRefGroup = 153B70F529A507B000BEE584 /* Products */;
			projectDirPath = "";
			projectRoot = "";
			targets = (
				153B70F329A507B000BEE584 /* firebase-demo */,
			);
		};
/* End PBXProject section */

/* Begin PBXResourcesBuildPhase section */
		153B70F229A507B000BEE584 /* Resources */ = {
			isa = PBXResourcesBuildPhase;
			buildActionMask = 2147483647;
			files = (
				153B710429A507B200BEE584 /* LaunchScreen.storyboard in Resources */,
				1581CC5129A514F0004ECA93 /* GoogleService-Info.plist in Resources */,
				153B710129A507B200BEE584 /* Assets.xcassets in Resources */,
				153B70FF29A507B000BEE584 /* Main.storyboard in Resources */,
			);
			runOnlyForDeploymentPostprocessing = 0;
		};
/* End PBXResourcesBuildPhase section */

/* Begin PBXShellScriptBuildPhase section */
		2FED0A8C805224E394F1AA05 /* [CP] Embed Pods Frameworks */ = {
			isa = PBXShellScriptBuildPhase;
			buildActionMask = 2147483647;
			files = (
			);
			inputFileListPaths = (
				"${PODS_ROOT}/Target Support Files/Pods-firebase-demo/Pods-firebase-demo-frameworks-${CONFIGURATION}-input-files.xcfilelist",
			);
			name = "[CP] Embed Pods Frameworks";
			outputFileListPaths = (
				"${PODS_ROOT}/Target Support Files/Pods-firebase-demo/Pods-firebase-demo-frameworks-${CONFIGURATION}-output-files.xcfilelist",
			);
			runOnlyForDeploymentPostprocessing = 0;
			shellPath = /bin/sh;
			shellScript = "\"${PODS_ROOT}/Target Support Files/Pods-firebase-demo/Pods-firebase-demo-frameworks.sh\"\n";
			showEnvVarsInLog = 0;
		};
		9CF0B38800FC84811F64B298 /* [CP] Check Pods Manifest.lock */ = {
			isa = PBXShellScriptBuildPhase;
			buildActionMask = 2147483647;
			files = (
			);
			inputFileListPaths = (
			);
			inputPaths = (
				"${PODS_PODFILE_DIR_PATH}/Podfile.lock",
				"${PODS_ROOT}/Manifest.lock",
			);
			name = "[CP] Check Pods Manifest.lock";
			outputFileListPaths = (
			);
			outputPaths = (
				"$(DERIVED_FILE_DIR)/Pods-firebase-demo-checkManifestLockResult.txt",
			);
			runOnlyForDeploymentPostprocessing = 0;
			shellPath = /bin/sh;
			shellScript = "diff \"${PODS_PODFILE_DIR_PATH}/Podfile.lock\" \"${PODS_ROOT}/Manifest.lock\" > /dev/null\nif [ $? != 0 ] ; then\n    # print error to STDERR\n    echo \"error: The sandbox is not in sync with the Podfile.lock. Run 'pod install' or update your CocoaPods installation.\" >&2\n    exit 1\nfi\n# This output is used by Xcode 'outputs' to avoid re-running this script phase.\necho \"SUCCESS\" > \"${SCRIPT_OUTPUT_FILE_0}\"\n";
			showEnvVarsInLog = 0;
		};
/* End PBXShellScriptBuildPhase section */

/* Begin PBXSourcesBuildPhase section */
		153B70F029A507B000BEE584 /* Sources */ = {
			isa = PBXSourcesBuildPhase;
			buildActionMask = 2147483647;
			files = (
				153B70FC29A507B000BEE584 /* LoginViewController.swift in Sources */,
				153B70F829A507B000BEE584 /* AppDelegate.swift in Sources */,
				1581CC5329A522E5004ECA93 /* SignupViewController.swift in Sources */,
				153B70FA29A507B000BEE584 /* SceneDelegate.swift in Sources */,
				1581CC5529A52F29004ECA93 /* MainViewController.swift in Sources */,
			);
			runOnlyForDeploymentPostprocessing = 0;
		};
/* End PBXSourcesBuildPhase section */

/* Begin PBXVariantGroup section */
		153B70FD29A507B000BEE584 /* Main.storyboard */ = {
			isa = PBXVariantGroup;
			children = (
				153B70FE29A507B000BEE584 /* Base */,
			);
			name = Main.storyboard;
			sourceTree = "<group>";
		};
		153B710229A507B200BEE584 /* LaunchScreen.storyboard */ = {
			isa = PBXVariantGroup;
			children = (
				153B710329A507B200BEE584 /* Base */,
			);
			name = LaunchScreen.storyboard;
			sourceTree = "<group>";
		};
/* End PBXVariantGroup section */

/* Begin XCBuildConfiguration section */
		153B710629A507B200BEE584 /* Debug */ = {
			isa = XCBuildConfiguration;
			buildSettings = {
				ALWAYS_SEARCH_USER_PATHS = NO;
				CLANG_ANALYZER_NONNULL = YES;
				CLANG_ANALYZER_NUMBER_OBJECT_CONVERSION = YES_AGGRESSIVE;
				CLANG_CXX_LANGUAGE_STANDARD = "gnu++20";
				CLANG_ENABLE_MODULES = YES;
				CLANG_ENABLE_OBJC_ARC = YES;
				CLANG_ENABLE_OBJC_WEAK = YES;
				CLANG_WARN_BLOCK_CAPTURE_AUTORELEASING = YES;
				CLANG_WARN_BOOL_CONVERSION = YES;
				CLANG_WARN_COMMA = YES;
				CLANG_WARN_CONSTANT_CONVERSION = YES;
				CLANG_WARN_DEPRECATED_OBJC_IMPLEMENTATIONS = YES;
				CLANG_WARN_DIRECT_OBJC_ISA_USAGE = YES_ERROR;
				CLANG_WARN_DOCUMENTATION_COMMENTS = YES;
				CLANG_WARN_EMPTY_BODY = YES;
				CLANG_WARN_ENUM_CONVERSION = YES;
				CLANG_WARN_INFINITE_RECURSION = YES;
				CLANG_WARN_INT_CONVERSION = YES;
				CLANG_WARN_NON_LITERAL_NULL_CONVERSION = YES;
				CLANG_WARN_OBJC_IMPLICIT_RETAIN_SELF = YES;
				CLANG_WARN_OBJC_LITERAL_CONVERSION = YES;
				CLANG_WARN_OBJC_ROOT_CLASS = YES_ERROR;
				CLANG_WARN_QUOTED_INCLUDE_IN_FRAMEWORK_HEADER = YES;
				CLANG_WARN_RANGE_LOOP_ANALYSIS = YES;
				CLANG_WARN_STRICT_PROTOTYPES = YES;
				CLANG_WARN_SUSPICIOUS_MOVE = YES;
				CLANG_WARN_UNGUARDED_AVAILABILITY = YES_AGGRESSIVE;
				CLANG_WARN_UNREACHABLE_CODE = YES;
				CLANG_WARN__DUPLICATE_METHOD_MATCH = YES;
				COPY_PHASE_STRIP = NO;
				DEBUG_INFORMATION_FORMAT = dwarf;
				ENABLE_STRICT_OBJC_MSGSEND = YES;
				ENABLE_TESTABILITY = YES;
				GCC_C_LANGUAGE_STANDARD = gnu11;
				GCC_DYNAMIC_NO_PIC = NO;
				GCC_NO_COMMON_BLOCKS = YES;
				GCC_OPTIMIZATION_LEVEL = 0;
				GCC_PREPROCESSOR_DEFINITIONS = (
					"DEBUG=1",
					"$(inherited)",
				);
				GCC_WARN_64_TO_32_BIT_CONVERSION = YES;
				GCC_WARN_ABOUT_RETURN_TYPE = YES_ERROR;
				GCC_WARN_UNDECLARED_SELECTOR = YES;
				GCC_WARN_UNINITIALIZED_AUTOS = YES_AGGRESSIVE;
				GCC_WARN_UNUSED_FUNCTION = YES;
				GCC_WARN_UNUSED_VARIABLE = YES;
				IPHONEOS_DEPLOYMENT_TARGET = 16.2;
				MTL_ENABLE_DEBUG_INFO = INCLUDE_SOURCE;
				MTL_FAST_MATH = YES;
				ONLY_ACTIVE_ARCH = YES;
				SDKROOT = iphoneos;
				SWIFT_ACTIVE_COMPILATION_CONDITIONS = DEBUG;
				SWIFT_OPTIMIZATION_LEVEL = "-Onone";
			};
			name = Debug;
		};
		153B710729A507B200BEE584 /* Release */ = {
			isa = XCBuildConfiguration;
			buildSettings = {
				ALWAYS_SEARCH_USER_PATHS = NO;
				CLANG_ANALYZER_NONNULL = YES;
				CLANG_ANALYZER_NUMBER_OBJECT_CONVERSION = YES_AGGRESSIVE;
				CLANG_CXX_LANGUAGE_STANDARD = "gnu++20";
				CLANG_ENABLE_MODULES = YES;
				CLANG_ENABLE_OBJC_ARC = YES;
				CLANG_ENABLE_OBJC_WEAK = YES;
				CLANG_WARN_BLOCK_CAPTURE_AUTORELEASING = YES;
				CLANG_WARN_BOOL_CONVERSION = YES;
				CLANG_WARN_COMMA = YES;
				CLANG_WARN_CONSTANT_CONVERSION = YES;
				CLANG_WARN_DEPRECATED_OBJC_IMPLEMENTATIONS = YES;
				CLANG_WARN_DIRECT_OBJC_ISA_USAGE = YES_ERROR;
				CLANG_WARN_DOCUMENTATION_COMMENTS = YES;
				CLANG_WARN_EMPTY_BODY = YES;
				CLANG_WARN_ENUM_CONVERSION = YES;
				CLANG_WARN_INFINITE_RECURSION = YES;
				CLANG_WARN_INT_CONVERSION = YES;
				CLANG_WARN_NON_LITERAL_NULL_CONVERSION = YES;
				CLANG_WARN_OBJC_IMPLICIT_RETAIN_SELF = YES;
				CLANG_WARN_OBJC_LITERAL_CONVERSION = YES;
				CLANG_WARN_OBJC_ROOT_CLASS = YES_ERROR;
				CLANG_WARN_QUOTED_INCLUDE_IN_FRAMEWORK_HEADER = YES;
				CLANG_WARN_RANGE_LOOP_ANALYSIS = YES;
				CLANG_WARN_STRICT_PROTOTYPES = YES;
				CLANG_WARN_SUSPICIOUS_MOVE = YES;
				CLANG_WARN_UNGUARDED_AVAILABILITY = YES_AGGRESSIVE;
				CLANG_WARN_UNREACHABLE_CODE = YES;
				CLANG_WARN__DUPLICATE_METHOD_MATCH = YES;
				COPY_PHASE_STRIP = NO;
				DEBUG_INFORMATION_FORMAT = "dwarf-with-dsym";
				ENABLE_NS_ASSERTIONS = NO;
				ENABLE_STRICT_OBJC_MSGSEND = YES;
				GCC_C_LANGUAGE_STANDARD = gnu11;
				GCC_NO_COMMON_BLOCKS = YES;
				GCC_WARN_64_TO_32_BIT_CONVERSION = YES;
				GCC_WARN_ABOUT_RETURN_TYPE = YES_ERROR;
				GCC_WARN_UNDECLARED_SELECTOR = YES;
				GCC_WARN_UNINITIALIZED_AUTOS = YES_AGGRESSIVE;
				GCC_WARN_UNUSED_FUNCTION = YES;
				GCC_WARN_UNUSED_VARIABLE = YES;
				IPHONEOS_DEPLOYMENT_TARGET = 16.2;
				MTL_ENABLE_DEBUG_INFO = NO;
				MTL_FAST_MATH = YES;
				SDKROOT = iphoneos;
				SWIFT_COMPILATION_MODE = wholemodule;
				SWIFT_OPTIMIZATION_LEVEL = "-O";
				VALIDATE_PRODUCT = YES;
			};
			name = Release;
		};
		153B710929A507B200BEE584 /* Debug */ = {
			isa = XCBuildConfiguration;
			baseConfigurationReference = A219D4C94654C3DE3A69A572 /* Pods-firebase-demo.debug.xcconfig */;
			buildSettings = {
				ASSETCATALOG_COMPILER_APPICON_NAME = AppIcon;
				ASSETCATALOG_COMPILER_GLOBAL_ACCENT_COLOR_NAME = AccentColor;
				CODE_SIGN_STYLE = Automatic;
				CURRENT_PROJECT_VERSION = 1;
				GENERATE_INFOPLIST_FILE = YES;
				INFOPLIST_FILE = "firebase-demo/Info.plist";
				INFOPLIST_KEY_UIApplicationSupportsIndirectInputEvents = YES;
				INFOPLIST_KEY_UILaunchStoryboardName = LaunchScreen;
				INFOPLIST_KEY_UIMainStoryboardFile = Main;
				INFOPLIST_KEY_UISupportedInterfaceOrientations_iPad = "UIInterfaceOrientationPortrait UIInterfaceOrientationPortraitUpsideDown UIInterfaceOrientationLandscapeLeft UIInterfaceOrientationLandscapeRight";
				INFOPLIST_KEY_UISupportedInterfaceOrientations_iPhone = "UIInterfaceOrientationPortrait UIInterfaceOrientationLandscapeLeft UIInterfaceOrientationLandscapeRight";
				LD_RUNPATH_SEARCH_PATHS = (
					"$(inherited)",
					"@executable_path/Frameworks",
				);
				MARKETING_VERSION = 1.0;
				PRODUCT_BUNDLE_IDENTIFIER = "cis-gvsu-cs357.firebase-demo";
				PRODUCT_NAME = "$(TARGET_NAME)";
				SWIFT_EMIT_LOC_STRINGS = YES;
				SWIFT_VERSION = 5.0;
				TARGETED_DEVICE_FAMILY = "1,2";
			};
			name = Debug;
		};
		153B710A29A507B200BEE584 /* Release */ = {
			isa = XCBuildConfiguration;
			baseConfigurationReference = 891FC81E5A01213233342EC8 /* Pods-firebase-demo.release.xcconfig */;
			buildSettings = {
				ASSETCATALOG_COMPILER_APPICON_NAME = AppIcon;
				ASSETCATALOG_COMPILER_GLOBAL_ACCENT_COLOR_NAME = AccentColor;
				CODE_SIGN_STYLE = Automatic;
				CURRENT_PROJECT_VERSION = 1;
				GENERATE_INFOPLIST_FILE = YES;
				INFOPLIST_FILE = "firebase-demo/Info.plist";
				INFOPLIST_KEY_UIApplicationSupportsIndirectInputEvents = YES;
				INFOPLIST_KEY_UILaunchStoryboardName = LaunchScreen;
				INFOPLIST_KEY_UIMainStoryboardFile = Main;
				INFOPLIST_KEY_UISupportedInterfaceOrientations_iPad = "UIInterfaceOrientationPortrait UIInterfaceOrientationPortraitUpsideDown UIInterfaceOrientationLandscapeLeft UIInterfaceOrientationLandscapeRight";
				INFOPLIST_KEY_UISupportedInterfaceOrientations_iPhone = "UIInterfaceOrientationPortrait UIInterfaceOrientationLandscapeLeft UIInterfaceOrientationLandscapeRight";
				LD_RUNPATH_SEARCH_PATHS = (
					"$(inherited)",
					"@executable_path/Frameworks",
				);
				MARKETING_VERSION = 1.0;
				PRODUCT_BUNDLE_IDENTIFIER = "cis-gvsu-cs357.firebase-demo";
				PRODUCT_NAME = "$(TARGET_NAME)";
				SWIFT_EMIT_LOC_STRINGS = YES;
				SWIFT_VERSION = 5.0;
				TARGETED_DEVICE_FAMILY = "1,2";
			};
			name = Release;
		};
/* End XCBuildConfiguration section */

/* Begin XCConfigurationList section */
		153B70EF29A507B000BEE584 /* Build configuration list for PBXProject "firebase-demo" */ = {
			isa = XCConfigurationList;
			buildConfigurations = (
				153B710629A507B200BEE584 /* Debug */,
				153B710729A507B200BEE584 /* Release */,
			);
			defaultConfigurationIsVisible = 0;
			defaultConfigurationName = Release;
		};
		153B710829A507B200BEE584 /* Build configuration list for PBXNativeTarget "firebase-demo" */ = {
			isa = XCConfigurationList;
			buildConfigurations = (
				153B710929A507B200BEE584 /* Debug */,
				153B710A29A507B200BEE584 /* Release */,
			);
			defaultConfigurationIsVisible = 0;
			defaultConfigurationName = Release;
		};
/* End XCConfigurationList section */
	};
	rootObject = 153B70EC29A507B000BEE584 /* Project object */;
}
