{
  "originHash" : "d0c6dd4bb6aaf787121453b89b360ef05ce4b54edc0cf9744439b61246a32b3c",
  "pins" : [
    {
      "identity" : "snackbar.swift",
      "kind" : "remoteSourceControl",
      "location" : "https://github.com/ahmedAlmasri/SnackBar.swift",
      "state" : {
        "revision" : "9efa0f9d2a6ae35384a878a0d74dbafd5001a672",
        "version" : "0.1.2"
      }
    },
    {
      "identity" : "snapkit",
      "kind" : "remoteSourceControl",
      "location" : "https://github.com/SnapKit/SnapKit.git",
      "state" : {
        "revision" : "2842e6e84e82eb9a8dac0100ca90d9444b0307f4",
        "version" : "5.7.1"
      }
    }
  ],
  "version" : 3
}
